// !$*UTF8*$!
{
	archiveVersion = 1;
	classes = {
	};
	objectVersion = 46;
	objects = {

/* Begin PBXBuildFile section */
		A7D463E41D4F94D70027C374 /* ContentInfo.plist in Resources */ = {isa = PBXBuildFile; fileRef = A7D463DF1D4F94D70027C374 /* ContentInfo.plist */; };
		A7D463E51D4F94D70027C374 /* file1.txt in Resources */ = {isa = PBXBuildFile; fileRef = A7D463E01D4F94D70027C374 /* file1.txt */; };
		A7D463E61D4F94D70027C374 /* file2.txt in Resources */ = {isa = PBXBuildFile; fileRef = A7D463E11D4F94D70027C374 /* file2.txt */; };
		A7D463E71D4F94D70027C374 /* file3.txt in Resources */ = {isa = PBXBuildFile; fileRef = A7D463E21D4F94D70027C374 /* file3.txt */; };
		A7D463EA1D4F94F20027C374 /* LICENSE.txt in Resources */ = {isa = PBXBuildFile; fileRef = A7D463E81D4F94F20027C374 /* LICENSE.txt */; };
		A7D463EB1D4F94F20027C374 /* readme.txt in Resources */ = {isa = PBXBuildFile; fileRef = A7D463E91D4F94F20027C374 /* readme.txt */; };
/* End PBXBuildFile section */

/* Begin PBXFileReference section */
		A7D463D61D4F93810027C374 /* Learn git */ = {isa = PBXFileReference; explicitFileType = folder; includeInIndex = 0; path = "Learn git"; sourceTree = BUILT_PRODUCTS_DIR; };
		A7D463D91D4F93810027C374 /* ContentInfo.plist */ = {isa = PBXFileReference; lastKnownFileType = text.plist.xml; path = ContentInfo.plist; sourceTree = "<group>"; };
		A7D463DF1D4F94D70027C374 /* ContentInfo.plist */ = {isa = PBXFileReference; fileEncoding = 4; lastKnownFileType = text.plist.xml; path = ContentInfo.plist; sourceTree = "<group>"; };
		A7D463E01D4F94D70027C374 /* file1.txt */ = {isa = PBXFileReference; fileEncoding = 4; lastKnownFileType = text; path = file1.txt; sourceTree = "<group>"; };
		A7D463E11D4F94D70027C374 /* file2.txt */ = {isa = PBXFileReference; fileEncoding = 4; lastKnownFileType = text; path = file2.txt; sourceTree = "<group>"; };
		A7D463E21D4F94D70027C374 /* file3.txt */ = {isa = PBXFileReference; fileEncoding = 4; lastKnownFileType = text; path = file3.txt; sourceTree = "<group>"; };
		A7D463E31D4F94D70027C374 /* setup git.md */ = {isa = PBXFileReference; fileEncoding = 4; lastKnownFileType = net.daringfireball.markdown; path = "setup git.md"; sourceTree = "<group>"; };
		A7D463E81D4F94F20027C374 /* LICENSE.txt */ = {isa = PBXFileReference; fileEncoding = 4; lastKnownFileType = text; path = LICENSE.txt; sourceTree = "<group>"; };
		A7D463E91D4F94F20027C374 /* readme.txt */ = {isa = PBXFileReference; fileEncoding = 4; lastKnownFileType = text; path = readme.txt; sourceTree = "<group>"; };
/* End PBXFileReference section */

/* Begin PBXGroup section */
		A7D463CF1D4F93810027C374 = {
			isa = PBXGroup;
			children = (
				A7D463E81D4F94F20027C374 /* LICENSE.txt */,
				A7D463E91D4F94F20027C374 /* readme.txt */,
				A7D463D81D4F93810027C374 /* Learn git */,
				A7D463D71D4F93810027C374 /* Products */,
			);
			sourceTree = "<group>";
		};
		A7D463D71D4F93810027C374 /* Products */ = {
			isa = PBXGroup;
			children = (
				A7D463D61D4F93810027C374 /* Learn git */,
			);
			name = Products;
			sourceTree = "<group>";
		};
		A7D463D81D4F93810027C374 /* Learn git */ = {
			isa = PBXGroup;
			children = (
				A7D463DF1D4F94D70027C374 /* ContentInfo.plist */,
				A7D463E01D4F94D70027C374 /* file1.txt */,
				A7D463E11D4F94D70027C374 /* file2.txt */,
				A7D463E21D4F94D70027C374 /* file3.txt */,
				A7D463E31D4F94D70027C374 /* setup git.md */,
				A7D463D91D4F93810027C374 /* ContentInfo.plist */,
			);
			path = "Learn git";
			sourceTree = "<group>";
		};
/* End PBXGroup section */

/* Begin PBXNativeTarget section */
		A7D463D51D4F93810027C374 /* Learn git */ = {
			isa = PBXNativeTarget;
			buildConfigurationList = A7D463DC1D4F93810027C374 /* Build configuration list for PBXNativeTarget "Learn git" */;
			buildPhases = (
				A7D463D41D4F93810027C374 /* Resources */,
			);
			buildRules = (
			);
			dependencies = (
			);
			name = "Learn git";
			productName = "Learn git";
			productReference = A7D463D61D4F93810027C374 /* Learn git */;
			productType = "com.apple.product-type.in-app-purchase-content";
		};
/* End PBXNativeTarget section */

/* Begin PBXProject section */
		A7D463D01D4F93810027C374 /* Project object */ = {
			isa = PBXProject;
			attributes = {
				LastUpgradeCheck = 0730;
				ORGANIZATIONNAME = Arnold;
				TargetAttributes = {
					A7D463D51D4F93810027C374 = {
						CreatedOnToolsVersion = 7.3.1;
					};
				};
			};
			buildConfigurationList = A7D463D31D4F93810027C374 /* Build configuration list for PBXProject "Learn git" */;
			compatibilityVersion = "Xcode 3.2";
			developmentRegion = English;
			hasScannedForEncodings = 0;
			knownRegions = (
				en,
			);
			mainGroup = A7D463CF1D4F93810027C374;
			productRefGroup = A7D463D71D4F93810027C374 /* Products */;
			projectDirPath = "";
			projectRoot = "";
			targets = (
				A7D463D51D4F93810027C374 /* Learn git */,
			);
		};
/* End PBXProject section */

/* Begin PBXResourcesBuildPhase section */
		A7D463D41D4F93810027C374 /* Resources */ = {
			isa = PBXResourcesBuildPhase;
			buildActionMask = 2147483647;
			files = (
				A7D463EB1D4F94F20027C374 /* readme.txt in Resources */,
				A7D463E61D4F94D70027C374 /* file2.txt in Resources */,
				A7D463E51D4F94D70027C374 /* file1.txt in Resources */,
				A7D463E71D4F94D70027C374 /* file3.txt in Resources */,
				A7D463EA1D4F94F20027C374 /* LICENSE.txt in Resources */,
				A7D463E41D4F94D70027C374 /* ContentInfo.plist in Resources */,
			);
			runOnlyForDeploymentPostprocessing = 0;
		};
/* End PBXResourcesBuildPhase section */

/* Begin XCBuildConfiguration section */
		A7D463DA1D4F93810027C374 /* Debug */ = {
			isa = XCBuildConfiguration;
			buildSettings = {
				ALWAYS_SEARCH_USER_PATHS = NO;
				CLANG_ANALYZER_NONNULL = YES;
				CLANG_CXX_LANGUAGE_STANDARD = "gnu++0x";
				CLANG_CXX_LIBRARY = "libc++";
				CLANG_ENABLE_MODULES = YES;
				CLANG_ENABLE_OBJC_ARC = YES;
				CLANG_WARN_BOOL_CONVERSION = YES;
				CLANG_WARN_CONSTANT_CONVERSION = YES;
				CLANG_WARN_DIRECT_OBJC_ISA_USAGE = YES_ERROR;
				CLANG_WARN_EMPTY_BODY = YES;
				CLANG_WARN_ENUM_CONVERSION = YES;
				CLANG_WARN_INT_CONVERSION = YES;
				CLANG_WARN_OBJC_ROOT_CLASS = YES_ERROR;
				CLANG_WARN_UNREACHABLE_CODE = YES;
				CLANG_WARN__DUPLICATE_METHOD_MATCH = YES;
				COPY_PHASE_STRIP = NO;
				DEBUG_INFORMATION_FORMAT = dwarf;
				ENABLE_STRICT_OBJC_MSGSEND = YES;
				ENABLE_TESTABILITY = YES;
				GCC_C_LANGUAGE_STANDARD = gnu99;
				GCC_DYNAMIC_NO_PIC = NO;
				GCC_NO_COMMON_BLOCKS = YES;
				GCC_OPTIMIZATION_LEVEL = 0;
				GCC_PREPROCESSOR_DEFINITIONS = (
					"DEBUG=1",
					"$(inherited)",
				);
				GCC_WARN_64_TO_32_BIT_CONVERSION = YES;
				GCC_WARN_ABOUT_RETURN_TYPE = YES_ERROR;
				GCC_WARN_UNDECLARED_SELECTOR = YES;
				GCC_WARN_UNINITIALIZED_AUTOS = YES_AGGRESSIVE;
				GCC_WARN_UNUSED_FUNCTION = YES;
				GCC_WARN_UNUSED_VARIABLE = YES;
				MTL_ENABLE_DEBUG_INFO = YES;
				ONLY_ACTIVE_ARCH = YES;
			};
			name = Debug;
		};
		A7D463DB1D4F93810027C374 /* Release */ = {
			isa = XCBuildConfiguration;
			buildSettings = {
				ALWAYS_SEARCH_USER_PATHS = NO;
				CLANG_ANALYZER_NONNULL = YES;
				CLANG_CXX_LANGUAGE_STANDARD = "gnu++0x";
				CLANG_CXX_LIBRARY = "libc++";
				CLANG_ENABLE_MODULES = YES;
				CLANG_ENABLE_OBJC_ARC = YES;
				CLANG_WARN_BOOL_CONVERSION = YES;
				CLANG_WARN_CONSTANT_CONVERSION = YES;
				CLANG_WARN_DIRECT_OBJC_ISA_USAGE = YES_ERROR;
				CLANG_WARN_EMPTY_BODY = YES;
				CLANG_WARN_ENUM_CONVERSION = YES;
				CLANG_WARN_INT_CONVERSION = YES;
				CLANG_WARN_OBJC_ROOT_CLASS = YES_ERROR;
				CLANG_WARN_UNREACHABLE_CODE = YES;
				CLANG_WARN__DUPLICATE_METHOD_MATCH = YES;
				COPY_PHASE_STRIP = NO;
				DEBUG_INFORMATION_FORMAT = "dwarf-with-dsym";
				ENABLE_NS_ASSERTIONS = NO;
				ENABLE_STRICT_OBJC_MSGSEND = YES;
				GCC_C_LANGUAGE_STANDARD = gnu99;
				GCC_NO_COMMON_BLOCKS = YES;
				GCC_WARN_64_TO_32_BIT_CONVERSION = YES;
				GCC_WARN_ABOUT_RETURN_TYPE = YES_ERROR;
				GCC_WARN_UNDECLARED_SELECTOR = YES;
				GCC_WARN_UNINITIALIZED_AUTOS = YES_AGGRESSIVE;
				GCC_WARN_UNUSED_FUNCTION = YES;
				GCC_WARN_UNUSED_VARIABLE = YES;
				MTL_ENABLE_DEBUG_INFO = NO;
			};
			name = Release;
		};
		A7D463DD1D4F93810027C374 /* Debug */ = {
			isa = XCBuildConfiguration;
			buildSettings = {
				INFOPLIST_FILE = "Learn git/ContentInfo.plist";
				INSTALL_PATH = "$(LOCAL_LIBRARY_DIR)/InAppPurchaseContent";
				PRODUCT_NAME = "$(TARGET_NAME)";
				WRAPPER_EXTENSION = "";
			};
			name = Debug;
		};
		A7D463DE1D4F93810027C374 /* Release */ = {
			isa = XCBuildConfiguration;
			buildSettings = {
				INFOPLIST_FILE = "Learn git/ContentInfo.plist";
				INSTALL_PATH = "$(LOCAL_LIBRARY_DIR)/InAppPurchaseContent";
				PRODUCT_NAME = "$(TARGET_NAME)";
				WRAPPER_EXTENSION = "";
			};
			name = Release;
		};
/* End XCBuildConfiguration section */

/* Begin XCConfigurationList section */
		A7D463D31D4F93810027C374 /* Build configuration list for PBXProject "Learn git" */ = {
			isa = XCConfigurationList;
			buildConfigurations = (
				A7D463DA1D4F93810027C374 /* Debug */,
				A7D463DB1D4F93810027C374 /* Release */,
			);
			defaultConfigurationIsVisible = 0;
			defaultConfigurationName = Release;
		};
		A7D463DC1D4F93810027C374 /* Build configuration list for PBXNativeTarget "Learn git" */ = {
			isa = XCConfigurationList;
			buildConfigurations = (
				A7D463DD1D4F93810027C374 /* Debug */,
				A7D463DE1D4F93810027C374 /* Release */,
			);
			defaultConfigurationIsVisible = 0;
		};
/* End XCConfigurationList section */
	};
	rootObject = A7D463D01D4F93810027C374 /* Project object */;
}
